
Microsoft Visual Studio Solution File, Format Version 12.00
# Visual Studio Version 17
VisualStudioVersion = 17.10.35122.118
MinimumVisualStudioVersion = 10.0.40219.1
Project("{9A19103F-16F7-4668-BE54-9A1E7A4F7556}") = "DGPOEdit", "DGPOEdit\DGPOEdit.csproj", "{3C1AC550-CD23-4D4C-9392-63D2AA24D567}"
EndProject
Project("{9A19103F-16F7-4668-BE54-9A1E7A4F7556}") = "DGPOHook", "DGPOHook\DGPOHook.csproj", "{10C18F2D-FC02-46A7-8F55-656F60747AA6}"
EndProject
Global
	GlobalSection(SolutionConfigurationPlatforms) = preSolution
		Debug|Any CPU = Debug|Any CPU
		Release|Any CPU = Release|Any CPU
	EndGlobalSection
	GlobalSection(ProjectConfigurationPlatforms) = postSolution
		{3C1AC550-CD23-4D4C-9392-63D2AA24D567}.Debug|Any CPU.ActiveCfg = Debug|Any CPU
		{3C1AC550-CD23-4D4C-9392-63D2AA24D567}.Debug|Any CPU.Build.0 = Debug|Any CPU
		{3C1AC550-CD23-4D4C-9392-63D2AA24D567}.Release|Any CPU.ActiveCfg = Release|Any CPU
		{3C1AC550-CD23-4D4C-9392-63D2AA24D567}.Release|Any CPU.Build.0 = Release|Any CPU
		{10C18F2D-FC02-46A7-8F55-656F60747AA6}.Debug|Any CPU.ActiveCfg = Debug|Any CPU
		{10C18F2D-FC02-46A7-8F55-656F60747AA6}.Debug|Any CPU.Build.0 = Debug|Any CPU
		{10C18F2D-FC02-46A7-8F55-656F60747AA6}.Release|Any CPU.ActiveCfg = Release|Any CPU
		{10C18F2D-FC02-46A7-8F55-656F60747AA6}.Release|Any CPU.Build.0 = Release|Any CPU
	EndGlobalSection
	GlobalSection(SolutionProperties) = preSolution
		HideSolutionNode = FALSE
	EndGlobalSection
	GlobalSection(ExtensibilityGlobals) = postSolution
		SolutionGuid = {05250767-2EA3-4123-A266-F51208934F7B}
	EndGlobalSection
EndGlobal
